
Microsoft Visual Studio Solution File, Format Version 12.00
# Visual Studio Version 17
VisualStudioVersion = 17.5.33516.290
MinimumVisualStudioVersion = 10.0.40219.1
Project("{8BC9CEB8-8B4A-11D0-8D11-00A0C91BC942}") = "Modern_rendering", "Modern_rendering\Modern_rendering.vcxproj", "{B38B2B29-3A28-45CD-9513-4734F1A00DFE}"
EndProject
Global
	GlobalSection(SolutionConfigurationPlatforms) = preSolution
		Debug|x64 = Debug|x64
		Debug|x86 = Debug|x86
		Release|x64 = Release|x64
		Release|x86 = Release|x86
	EndGlobalSection
	GlobalSection(ProjectConfigurationPlatforms) = postSolution
		{B38B2B29-3A28-45CD-9513-4734F1A00DFE}.Debug|x64.ActiveCfg = Debug|x64
		{B38B2B29-3A28-45CD-9513-4734F1A00DFE}.Debug|x64.Build.0 = Debug|x64
		{B38B2B29-3A28-45CD-9513-4734F1A00DFE}.Debug|x86.ActiveCfg = Debug|Win32
		{B38B2B29-3A28-45CD-9513-4734F1A00DFE}.Debug|x86.Build.0 = Debug|Win32
		{B38B2B29-3A28-45CD-9513-4734F1A00DFE}.Release|x64.ActiveCfg = Release|x64
		{B38B2B29-3A28-45CD-9513-4734F1A00DFE}.Release|x64.Build.0 = Release|x64
		{B38B2B29-3A28-45CD-9513-4734F1A00DFE}.Release|x86.ActiveCfg = Release|Win32
		{B38B2B29-3A28-45CD-9513-4734F1A00DFE}.Release|x86.Build.0 = Release|Win32
	EndGlobalSection
	GlobalSection(SolutionProperties) = preSolution
		HideSolutionNode = FALSE
	EndGlobalSection
	GlobalSection(ExtensibilityGlobals) = postSolution
		SolutionGuid = {687C2C65-362A-42D1-8676-FC013BF40897}
	EndGlobalSection
EndGlobal
